// !$*UTF8*$!
{
	archiveVersion = 1;
	classes = {
	};
	objectVersion = 51;
	objects = {

/* Begin PBXBuildFile section */
		0DFCA56AD7DDD6678D63FAE0 /* Pods_StackOverflowUsers.framework in Frameworks */ = {isa = PBXBuildFile; fileRef = 11B172E1552386F7D44BAEE7 /* Pods_StackOverflowUsers.framework */; };
		2AA063292343B0ED00A3EEDB /* MockUser.swift in Sources */ = {isa = PBXBuildFile; fileRef = 2AA063282343B0ED00A3EEDB /* MockUser.swift */; };
		2AA0632C2343B24200A3EEDB /* UserCellViewModelTests.swift in Sources */ = {isa = PBXBuildFile; fileRef = 2AA0632B2343B24200A3EEDB /* UserCellViewModelTests.swift */; };
		2AA0632E2343B6CA00A3EEDB /* UsersListViewModelTests.swift in Sources */ = {isa = PBXBuildFile; fileRef = 2AA0632D2343B6CA00A3EEDB /* UsersListViewModelTests.swift */; };
		2AD366BB2341056C001B1D7F /* AppDelegate.swift in Sources */ = {isa = PBXBuildFile; fileRef = 2AD366BA2341056C001B1D7F /* AppDelegate.swift */; };
		2AD366C12341056D001B1D7F /* Assets.xcassets in Resources */ = {isa = PBXBuildFile; fileRef = 2AD366C02341056D001B1D7F /* Assets.xcassets */; };
		2AD366C42341056D001B1D7F /* Preview Assets.xcassets in Resources */ = {isa = PBXBuildFile; fileRef = 2AD366C32341056D001B1D7F /* Preview Assets.xcassets */; };
		2AD366C72341056D001B1D7F /* LaunchScreen.storyboard in Resources */ = {isa = PBXBuildFile; fileRef = 2AD366C52341056D001B1D7F /* LaunchScreen.storyboard */; };
		2AD366D22341056E001B1D7F /* FollowedUsersDatabaseTests.swift in Sources */ = {isa = PBXBuildFile; fileRef = 2AD366D12341056E001B1D7F /* FollowedUsersDatabaseTests.swift */; };
		2AD366DE23411465001B1D7F /* AppCoordinator.swift in Sources */ = {isa = PBXBuildFile; fileRef = 2AD366DD23411465001B1D7F /* AppCoordinator.swift */; };
		2AD366E023411721001B1D7F /* AppearanceService.swift in Sources */ = {isa = PBXBuildFile; fileRef = 2AD366DF23411721001B1D7F /* AppearanceService.swift */; };
		2AD366E3234118DD001B1D7F /* AppRepositories.swift in Sources */ = {isa = PBXBuildFile; fileRef = 2AD366E2234118DD001B1D7F /* AppRepositories.swift */; };
		2AD366E523411A94001B1D7F /* UserReporitoryProtocol.swift in Sources */ = {isa = PBXBuildFile; fileRef = 2AD366E423411A94001B1D7F /* UserReporitoryProtocol.swift */; };
		2AD366E823411CE1001B1D7F /* User.swift in Sources */ = {isa = PBXBuildFile; fileRef = 2AD366E723411CE1001B1D7F /* User.swift */; };
		2AD366EB23411E2C001B1D7F /* UsersAPI.swift in Sources */ = {isa = PBXBuildFile; fileRef = 2AD366EA23411E2C001B1D7F /* UsersAPI.swift */; };
		2AD366ED23411E60001B1D7F /* FollowedUsersDatabase.swift in Sources */ = {isa = PBXBuildFile; fileRef = 2AD366EC23411E60001B1D7F /* FollowedUsersDatabase.swift */; };
		2AD366EF23411E6F001B1D7F /* BlockedUsersDatabase.swift in Sources */ = {isa = PBXBuildFile; fileRef = 2AD366EE23411E6F001B1D7F /* BlockedUsersDatabase.swift */; };
		2AD366F223413580001B1D7F /* UsersRepository.swift in Sources */ = {isa = PBXBuildFile; fileRef = 2AD366F123413580001B1D7F /* UsersRepository.swift */; };
		2AD366F523413966001B1D7F /* MainFlowCoordinator.swift in Sources */ = {isa = PBXBuildFile; fileRef = 2AD366F423413966001B1D7F /* MainFlowCoordinator.swift */; };
		2AD366F7234139BF001B1D7F /* ViewControllersFactory.swift in Sources */ = {isa = PBXBuildFile; fileRef = 2AD366F6234139BF001B1D7F /* ViewControllersFactory.swift */; };
		2AD366F923413EF7001B1D7F /* BlockedUsersDatabaseTests.swift in Sources */ = {isa = PBXBuildFile; fileRef = 2AD366F823413EF7001B1D7F /* BlockedUsersDatabaseTests.swift */; };
		2AD366FB23414105001B1D7F /* UsersListNetworkModel.swift in Sources */ = {isa = PBXBuildFile; fileRef = 2AD366FA23414105001B1D7F /* UsersListNetworkModel.swift */; };
		2AD366FD23416BD1001B1D7F /* MockUsersAPI.swift in Sources */ = {isa = PBXBuildFile; fileRef = 2AD366FC23416BD1001B1D7F /* MockUsersAPI.swift */; };
		2AD3670623416F1D001B1D7F /* users_list.json in Resources */ = {isa = PBXBuildFile; fileRef = 2AD3670523416F1D001B1D7F /* users_list.json */; };
		2AD3670B23417B8A001B1D7F /* UserNetworkModelTest.swift in Sources */ = {isa = PBXBuildFile; fileRef = 2AD3670A23417B8A001B1D7F /* UserNetworkModelTest.swift */; };
		2AFA362F2341F4FD00FD2D4A /* UsersRepositoryTests.swift in Sources */ = {isa = PBXBuildFile; fileRef = 2AFA362E2341F4FD00FD2D4A /* UsersRepositoryTests.swift */; };
		2AFA36312341FDD000FD2D4A /* UserDomainModelTest.swift in Sources */ = {isa = PBXBuildFile; fileRef = 2AFA36302341FDD000FD2D4A /* UserDomainModelTest.swift */; };
		2AFA363423420AE600FD2D4A /* UsersListProtocols.swift in Sources */ = {isa = PBXBuildFile; fileRef = 2AFA363323420AE600FD2D4A /* UsersListProtocols.swift */; };
		2AFA363823420DC900FD2D4A /* UsersListInteractor.swift in Sources */ = {isa = PBXBuildFile; fileRef = 2AFA363723420DC900FD2D4A /* UsersListInteractor.swift */; };
		2AFA363A23420F0600FD2D4A /* UsersListPresenter.swift in Sources */ = {isa = PBXBuildFile; fileRef = 2AFA363923420F0600FD2D4A /* UsersListPresenter.swift */; };
		2AFA363F23421BAF00FD2D4A /* UserCell.xib in Resources */ = {isa = PBXBuildFile; fileRef = 2AFA363E23421BAF00FD2D4A /* UserCell.xib */; };
		2AFA36412342217F00FD2D4A /* UserCell.swift in Sources */ = {isa = PBXBuildFile; fileRef = 2AFA36402342217F00FD2D4A /* UserCell.swift */; };
		2AFA36432342244A00FD2D4A /* UserCellViewModel.swift in Sources */ = {isa = PBXBuildFile; fileRef = 2AFA36422342244A00FD2D4A /* UserCellViewModel.swift */; };
		2AFA36452342505100FD2D4A /* UsersListViewModel.swift in Sources */ = {isa = PBXBuildFile; fileRef = 2AFA363523420D0800FD2D4A /* UsersListViewModel.swift */; };
		2AFA3649234258D700FD2D4A /* UsersListViewController.swift in Sources */ = {isa = PBXBuildFile; fileRef = 2AFA3648234258D700FD2D4A /* UsersListViewController.swift */; };
		2AFA369D234286B500FD2D4A /* SceneDelegate.swift in Sources */ = {isa = PBXBuildFile; fileRef = 2AFA369C234286B400FD2D4A /* SceneDelegate.swift */; };
		D2BF0FF95017D32FA85596DB /* Pods_StackOverflowUsersTests.framework in Frameworks */ = {isa = PBXBuildFile; fileRef = 4E8E97592A6AE288F0E002AB /* Pods_StackOverflowUsersTests.framework */; };
/* End PBXBuildFile section */

/* Begin PBXContainerItemProxy section */
		2AD366CE2341056E001B1D7F /* PBXContainerItemProxy */ = {
			isa = PBXContainerItemProxy;
			containerPortal = 2AD366AF2341056C001B1D7F /* Project object */;
			proxyType = 1;
			remoteGlobalIDString = 2AD366B62341056C001B1D7F;
			remoteInfo = StackOverflowUsers;
		};
/* End PBXContainerItemProxy section */

/* Begin PBXFileReference section */
		0B86BC48C21185D060F10530 /* Pods-StackOverflowUsersTests.debug.xcconfig */ = {isa = PBXFileReference; includeInIndex = 1; lastKnownFileType = text.xcconfig; name = "Pods-StackOverflowUsersTests.debug.xcconfig"; path = "Target Support Files/Pods-StackOverflowUsersTests/Pods-StackOverflowUsersTests.debug.xcconfig"; sourceTree = "<group>"; };
		11B172E1552386F7D44BAEE7 /* Pods_StackOverflowUsers.framework */ = {isa = PBXFileReference; explicitFileType = wrapper.framework; includeInIndex = 0; path = Pods_StackOverflowUsers.framework; sourceTree = BUILT_PRODUCTS_DIR; };
		2AA063282343B0ED00A3EEDB /* MockUser.swift */ = {isa = PBXFileReference; lastKnownFileType = sourcecode.swift; path = MockUser.swift; sourceTree = "<group>"; };
		2AA0632B2343B24200A3EEDB /* UserCellViewModelTests.swift */ = {isa = PBXFileReference; lastKnownFileType = sourcecode.swift; path = UserCellViewModelTests.swift; sourceTree = "<group>"; };
		2AA0632D2343B6CA00A3EEDB /* UsersListViewModelTests.swift */ = {isa = PBXFileReference; lastKnownFileType = sourcecode.swift; path = UsersListViewModelTests.swift; sourceTree = "<group>"; };
		2AD366B72341056C001B1D7F /* StackOverflowUsers.app */ = {isa = PBXFileReference; explicitFileType = wrapper.application; includeInIndex = 0; path = StackOverflowUsers.app; sourceTree = BUILT_PRODUCTS_DIR; };
		2AD366BA2341056C001B1D7F /* AppDelegate.swift */ = {isa = PBXFileReference; lastKnownFileType = sourcecode.swift; path = AppDelegate.swift; sourceTree = "<group>"; };
		2AD366C02341056D001B1D7F /* Assets.xcassets */ = {isa = PBXFileReference; lastKnownFileType = folder.assetcatalog; path = Assets.xcassets; sourceTree = "<group>"; };
		2AD366C32341056D001B1D7F /* Preview Assets.xcassets */ = {isa = PBXFileReference; lastKnownFileType = folder.assetcatalog; path = "Preview Assets.xcassets"; sourceTree = "<group>"; };
		2AD366C62341056D001B1D7F /* Base */ = {isa = PBXFileReference; lastKnownFileType = file.storyboard; name = Base; path = Base.lproj/LaunchScreen.storyboard; sourceTree = "<group>"; };
		2AD366C82341056D001B1D7F /* Info.plist */ = {isa = PBXFileReference; lastKnownFileType = text.plist.xml; path = Info.plist; sourceTree = "<group>"; };
		2AD366CD2341056E001B1D7F /* StackOverflowUsersTests.xctest */ = {isa = PBXFileReference; explicitFileType = wrapper.cfbundle; includeInIndex = 0; path = StackOverflowUsersTests.xctest; sourceTree = BUILT_PRODUCTS_DIR; };
		2AD366D12341056E001B1D7F /* FollowedUsersDatabaseTests.swift */ = {isa = PBXFileReference; lastKnownFileType = sourcecode.swift; path = FollowedUsersDatabaseTests.swift; sourceTree = "<group>"; };
		2AD366D32341056E001B1D7F /* Info.plist */ = {isa = PBXFileReference; lastKnownFileType = text.plist.xml; path = Info.plist; sourceTree = "<group>"; };
		2AD366DD23411465001B1D7F /* AppCoordinator.swift */ = {isa = PBXFileReference; lastKnownFileType = sourcecode.swift; path = AppCoordinator.swift; sourceTree = "<group>"; };
		2AD366DF23411721001B1D7F /* AppearanceService.swift */ = {isa = PBXFileReference; lastKnownFileType = sourcecode.swift; path = AppearanceService.swift; sourceTree = "<group>"; };
		2AD366E2234118DD001B1D7F /* AppRepositories.swift */ = {isa = PBXFileReference; lastKnownFileType = sourcecode.swift; path = AppRepositories.swift; sourceTree = "<group>"; };
		2AD366E423411A94001B1D7F /* UserReporitoryProtocol.swift */ = {isa = PBXFileReference; lastKnownFileType = sourcecode.swift; path = UserReporitoryProtocol.swift; sourceTree = "<group>"; };
		2AD366E723411CE1001B1D7F /* User.swift */ = {isa = PBXFileReference; lastKnownFileType = sourcecode.swift; path = User.swift; sourceTree = "<group>"; };
		2AD366EA23411E2C001B1D7F /* UsersAPI.swift */ = {isa = PBXFileReference; lastKnownFileType = sourcecode.swift; path = UsersAPI.swift; sourceTree = "<group>"; };
		2AD366EC23411E60001B1D7F /* FollowedUsersDatabase.swift */ = {isa = PBXFileReference; lastKnownFileType = sourcecode.swift; path = FollowedUsersDatabase.swift; sourceTree = "<group>"; };
		2AD366EE23411E6F001B1D7F /* BlockedUsersDatabase.swift */ = {isa = PBXFileReference; lastKnownFileType = sourcecode.swift; path = BlockedUsersDatabase.swift; sourceTree = "<group>"; };
		2AD366F123413580001B1D7F /* UsersRepository.swift */ = {isa = PBXFileReference; lastKnownFileType = sourcecode.swift; path = UsersRepository.swift; sourceTree = "<group>"; };
		2AD366F423413966001B1D7F /* MainFlowCoordinator.swift */ = {isa = PBXFileReference; lastKnownFileType = sourcecode.swift; path = MainFlowCoordinator.swift; sourceTree = "<group>"; };
		2AD366F6234139BF001B1D7F /* ViewControllersFactory.swift */ = {isa = PBXFileReference; lastKnownFileType = sourcecode.swift; path = ViewControllersFactory.swift; sourceTree = "<group>"; };
		2AD366F823413EF7001B1D7F /* BlockedUsersDatabaseTests.swift */ = {isa = PBXFileReference; lastKnownFileType = sourcecode.swift; path = BlockedUsersDatabaseTests.swift; sourceTree = "<group>"; };
		2AD366FA23414105001B1D7F /* UsersListNetworkModel.swift */ = {isa = PBXFileReference; lastKnownFileType = sourcecode.swift; path = UsersListNetworkModel.swift; sourceTree = "<group>"; };
		2AD366FC23416BD1001B1D7F /* MockUsersAPI.swift */ = {isa = PBXFileReference; lastKnownFileType = sourcecode.swift; path = MockUsersAPI.swift; sourceTree = "<group>"; };
		2AD3670523416F1D001B1D7F /* users_list.json */ = {isa = PBXFileReference; lastKnownFileType = text.json; path = users_list.json; sourceTree = "<group>"; };
		2AD3670A23417B8A001B1D7F /* UserNetworkModelTest.swift */ = {isa = PBXFileReference; lastKnownFileType = sourcecode.swift; path = UserNetworkModelTest.swift; sourceTree = "<group>"; };
		2AFA362E2341F4FD00FD2D4A /* UsersRepositoryTests.swift */ = {isa = PBXFileReference; lastKnownFileType = sourcecode.swift; path = UsersRepositoryTests.swift; sourceTree = "<group>"; };
		2AFA36302341FDD000FD2D4A /* UserDomainModelTest.swift */ = {isa = PBXFileReference; lastKnownFileType = sourcecode.swift; path = UserDomainModelTest.swift; sourceTree = "<group>"; };
		2AFA363323420AE600FD2D4A /* UsersListProtocols.swift */ = {isa = PBXFileReference; lastKnownFileType = sourcecode.swift; path = UsersListProtocols.swift; sourceTree = "<group>"; };
		2AFA363523420D0800FD2D4A /* UsersListViewModel.swift */ = {isa = PBXFileReference; lastKnownFileType = sourcecode.swift; path = UsersListViewModel.swift; sourceTree = "<group>"; };
		2AFA363723420DC900FD2D4A /* UsersListInteractor.swift */ = {isa = PBXFileReference; lastKnownFileType = sourcecode.swift; path = UsersListInteractor.swift; sourceTree = "<group>"; };
		2AFA363923420F0600FD2D4A /* UsersListPresenter.swift */ = {isa = PBXFileReference; lastKnownFileType = sourcecode.swift; path = UsersListPresenter.swift; sourceTree = "<group>"; };
		2AFA363E23421BAF00FD2D4A /* UserCell.xib */ = {isa = PBXFileReference; lastKnownFileType = file.xib; path = UserCell.xib; sourceTree = "<group>"; };
		2AFA36402342217F00FD2D4A /* UserCell.swift */ = {isa = PBXFileReference; lastKnownFileType = sourcecode.swift; path = UserCell.swift; sourceTree = "<group>"; };
		2AFA36422342244A00FD2D4A /* UserCellViewModel.swift */ = {isa = PBXFileReference; lastKnownFileType = sourcecode.swift; path = UserCellViewModel.swift; sourceTree = "<group>"; };
		2AFA3648234258D700FD2D4A /* UsersListViewController.swift */ = {isa = PBXFileReference; lastKnownFileType = sourcecode.swift; path = UsersListViewController.swift; sourceTree = "<group>"; };
		2AFA369C234286B400FD2D4A /* SceneDelegate.swift */ = {isa = PBXFileReference; fileEncoding = 4; lastKnownFileType = sourcecode.swift; path = SceneDelegate.swift; sourceTree = "<group>"; };
		4E8E97592A6AE288F0E002AB /* Pods_StackOverflowUsersTests.framework */ = {isa = PBXFileReference; explicitFileType = wrapper.framework; includeInIndex = 0; path = Pods_StackOverflowUsersTests.framework; sourceTree = BUILT_PRODUCTS_DIR; };
		E1A57B5ECA4997E2D46D233A /* Pods-StackOverflowUsersTests.release.xcconfig */ = {isa = PBXFileReference; includeInIndex = 1; lastKnownFileType = text.xcconfig; name = "Pods-StackOverflowUsersTests.release.xcconfig"; path = "Target Support Files/Pods-StackOverflowUsersTests/Pods-StackOverflowUsersTests.release.xcconfig"; sourceTree = "<group>"; };
		EA86F175361D00B96C94846B /* Pods-StackOverflowUsers.debug.xcconfig */ = {isa = PBXFileReference; includeInIndex = 1; lastKnownFileType = text.xcconfig; name = "Pods-StackOverflowUsers.debug.xcconfig"; path = "Target Support Files/Pods-StackOverflowUsers/Pods-StackOverflowUsers.debug.xcconfig"; sourceTree = "<group>"; };
		F7F1AF336BA89D01ACF38F99 /* Pods-StackOverflowUsers.release.xcconfig */ = {isa = PBXFileReference; includeInIndex = 1; lastKnownFileType = text.xcconfig; name = "Pods-StackOverflowUsers.release.xcconfig"; path = "Target Support Files/Pods-StackOverflowUsers/Pods-StackOverflowUsers.release.xcconfig"; sourceTree = "<group>"; };
/* End PBXFileReference section */

/* Begin PBXFrameworksBuildPhase section */
		2AD366B42341056C001B1D7F /* Frameworks */ = {
			isa = PBXFrameworksBuildPhase;
			buildActionMask = 2147483647;
			files = (
				0DFCA56AD7DDD6678D63FAE0 /* Pods_StackOverflowUsers.framework in Frameworks */,
			);
			runOnlyForDeploymentPostprocessing = 0;
		};
		2AD366CA2341056E001B1D7F /* Frameworks */ = {
			isa = PBXFrameworksBuildPhase;
			buildActionMask = 2147483647;
			files = (
				D2BF0FF95017D32FA85596DB /* Pods_StackOverflowUsersTests.framework in Frameworks */,
			);
			runOnlyForDeploymentPostprocessing = 0;
		};
/* End PBXFrameworksBuildPhase section */

/* Begin PBXGroup section */
		2AA0632A2343B20C00A3EEDB /* ViewModelsTests */ = {
			isa = PBXGroup;
			children = (
				2AA0632B2343B24200A3EEDB /* UserCellViewModelTests.swift */,
				2AA0632D2343B6CA00A3EEDB /* UsersListViewModelTests.swift */,
			);
			path = ViewModelsTests;
			sourceTree = "<group>";
		};
		2AA0632F2343BB3800A3EEDB /* API */ = {
			isa = PBXGroup;
			children = (
				2AD366EA23411E2C001B1D7F /* UsersAPI.swift */,
				2AD366FA23414105001B1D7F /* UsersListNetworkModel.swift */,
			);
			path = API;
			sourceTree = "<group>";
		};
		2AD366AE2341056C001B1D7F = {
			isa = PBXGroup;
			children = (
				2AD366B92341056C001B1D7F /* StackOverflowUsers */,
				2AD366D02341056E001B1D7F /* StackOverflowUsersTests */,
				2AD366B82341056C001B1D7F /* Products */,
				B90A2960C02AC2AE4A686644 /* Pods */,
				C1BB64BE8871B3E08F7D65D6 /* Frameworks */,
			);
			sourceTree = "<group>";
		};
		2AD366B82341056C001B1D7F /* Products */ = {
			isa = PBXGroup;
			children = (
				2AD366B72341056C001B1D7F /* StackOverflowUsers.app */,
				2AD366CD2341056E001B1D7F /* StackOverflowUsersTests.xctest */,
			);
			name = Products;
			sourceTree = "<group>";
		};
		2AD366B92341056C001B1D7F /* StackOverflowUsers */ = {
			isa = PBXGroup;
			children = (
				2AD366BA2341056C001B1D7F /* AppDelegate.swift */,
				2AFA369C234286B400FD2D4A /* SceneDelegate.swift */,
				2AD366DD23411465001B1D7F /* AppCoordinator.swift */,
				2AD366DC2341145B001B1D7F /* Services */,
				2AD366E12341185B001B1D7F /* Repositories */,
				2AD366F323413942001B1D7F /* MainFlow */,
				2AD366C02341056D001B1D7F /* Assets.xcassets */,
				2AD366C52341056D001B1D7F /* LaunchScreen.storyboard */,
				2AD366C82341056D001B1D7F /* Info.plist */,
				2AD366C22341056D001B1D7F /* Preview Content */,
			);
			path = StackOverflowUsers;
			sourceTree = "<group>";
		};
		2AD366C22341056D001B1D7F /* Preview Content */ = {
			isa = PBXGroup;
			children = (
				2AD366C32341056D001B1D7F /* Preview Assets.xcassets */,
			);
			path = "Preview Content";
			sourceTree = "<group>";
		};
		2AD366D02341056E001B1D7F /* StackOverflowUsersTests */ = {
			isa = PBXGroup;
			children = (
				2AFA362C2341F47A00FD2D4A /* DataSourcesTests */,
				2AFA362D2341F48E00FD2D4A /* RepositoryTests */,
				2AA0632A2343B20C00A3EEDB /* ViewModelsTests */,
				2AFA362B2341F47100FD2D4A /* Mocks */,
				2AD366D32341056E001B1D7F /* Info.plist */,
			);
			path = StackOverflowUsersTests;
			sourceTree = "<group>";
		};
		2AD366DC2341145B001B1D7F /* Services */ = {
			isa = PBXGroup;
			children = (
				2AD366DF23411721001B1D7F /* AppearanceService.swift */,
			);
			path = Services;
			sourceTree = "<group>";
		};
		2AD366E12341185B001B1D7F /* Repositories */ = {
			isa = PBXGroup;
			children = (
				2AD366E2234118DD001B1D7F /* AppRepositories.swift */,
				2AD366E623411C54001B1D7F /* UserRepository */,
			);
			path = Repositories;
			sourceTree = "<group>";
		};
		2AD366E623411C54001B1D7F /* UserRepository */ = {
			isa = PBXGroup;
			children = (
				2AD366E423411A94001B1D7F /* UserReporitoryProtocol.swift */,
				2AD366F123413580001B1D7F /* UsersRepository.swift */,
				2AD366F02341355F001B1D7F /* DomainModels */,
				2AD366E923411DF6001B1D7F /* DataSources */,
			);
			path = UserRepository;
			sourceTree = "<group>";
		};
		2AD366E923411DF6001B1D7F /* DataSources */ = {
			isa = PBXGroup;
			children = (
				2AA0632F2343BB3800A3EEDB /* API */,
				2AD366EC23411E60001B1D7F /* FollowedUsersDatabase.swift */,
				2AD366EE23411E6F001B1D7F /* BlockedUsersDatabase.swift */,
			);
			path = DataSources;
			sourceTree = "<group>";
		};
		2AD366F02341355F001B1D7F /* DomainModels */ = {
			isa = PBXGroup;
			children = (
				2AD366E723411CE1001B1D7F /* User.swift */,
			);
			path = DomainModels;
			sourceTree = "<group>";
		};
		2AD366F323413942001B1D7F /* MainFlow */ = {
			isa = PBXGroup;
			children = (
				2AD366F423413966001B1D7F /* MainFlowCoordinator.swift */,
				2AD366F6234139BF001B1D7F /* ViewControllersFactory.swift */,
				2AFA363223420A5500FD2D4A /* UsersLists */,
			);
			path = MainFlow;
			sourceTree = "<group>";
		};
		2AFA362B2341F47100FD2D4A /* Mocks */ = {
			isa = PBXGroup;
			children = (
				2AD366FC23416BD1001B1D7F /* MockUsersAPI.swift */,
				2AA063282343B0ED00A3EEDB /* MockUser.swift */,
				2AD3670523416F1D001B1D7F /* users_list.json */,
			);
			path = Mocks;
			sourceTree = "<group>";
		};
		2AFA362C2341F47A00FD2D4A /* DataSourcesTests */ = {
			isa = PBXGroup;
			children = (
				2AD366D12341056E001B1D7F /* FollowedUsersDatabaseTests.swift */,
				2AD366F823413EF7001B1D7F /* BlockedUsersDatabaseTests.swift */,
				2AD3670A23417B8A001B1D7F /* UserNetworkModelTest.swift */,
			);
			path = DataSourcesTests;
			sourceTree = "<group>";
		};
		2AFA362D2341F48E00FD2D4A /* RepositoryTests */ = {
			isa = PBXGroup;
			children = (
				2AFA362E2341F4FD00FD2D4A /* UsersRepositoryTests.swift */,
				2AFA36302341FDD000FD2D4A /* UserDomainModelTest.swift */,
			);
			path = RepositoryTests;
			sourceTree = "<group>";
		};
		2AFA363223420A5500FD2D4A /* UsersLists */ = {
			isa = PBXGroup;
			children = (
				2AFA363323420AE600FD2D4A /* UsersListProtocols.swift */,
				2AFA363723420DC900FD2D4A /* UsersListInteractor.swift */,
				2AFA363923420F0600FD2D4A /* UsersListPresenter.swift */,
				2AFA363D23421B8800FD2D4A /* Views */,
			);
			path = UsersLists;
			sourceTree = "<group>";
		};
		2AFA363D23421B8800FD2D4A /* Views */ = {
			isa = PBXGroup;
			children = (
				2AFA364A2342592600FD2D4A /* UserCell */,
				2AFA369E2342B4E300FD2D4A /* UserListViewController */,
			);
			path = Views;
			sourceTree = "<group>";
		};
		2AFA364A2342592600FD2D4A /* UserCell */ = {
			isa = PBXGroup;
			children = (
				2AFA363E23421BAF00FD2D4A /* UserCell.xib */,
				2AFA36402342217F00FD2D4A /* UserCell.swift */,
				2AFA36422342244A00FD2D4A /* UserCellViewModel.swift */,
			);
			path = UserCell;
			sourceTree = "<group>";
		};
		2AFA369E2342B4E300FD2D4A /* UserListViewController */ = {
			isa = PBXGroup;
			children = (
				2AFA363523420D0800FD2D4A /* UsersListViewModel.swift */,
				2AFA3648234258D700FD2D4A /* UsersListViewController.swift */,
			);
			path = UserListViewController;
			sourceTree = "<group>";
		};
		B90A2960C02AC2AE4A686644 /* Pods */ = {
			isa = PBXGroup;
			children = (
				EA86F175361D00B96C94846B /* Pods-StackOverflowUsers.debug.xcconfig */,
				F7F1AF336BA89D01ACF38F99 /* Pods-StackOverflowUsers.release.xcconfig */,
				0B86BC48C21185D060F10530 /* Pods-StackOverflowUsersTests.debug.xcconfig */,
				E1A57B5ECA4997E2D46D233A /* Pods-StackOverflowUsersTests.release.xcconfig */,
			);
			path = Pods;
			sourceTree = "<group>";
		};
		C1BB64BE8871B3E08F7D65D6 /* Frameworks */ = {
			isa = PBXGroup;
			children = (
				11B172E1552386F7D44BAEE7 /* Pods_StackOverflowUsers.framework */,
				4E8E97592A6AE288F0E002AB /* Pods_StackOverflowUsersTests.framework */,
			);
			name = Frameworks;
			sourceTree = "<group>";
		};
/* End PBXGroup section */

/* Begin PBXNativeTarget section */
		2AD366B62341056C001B1D7F /* StackOverflowUsers */ = {
			isa = PBXNativeTarget;
			buildConfigurationList = 2AD366D62341056E001B1D7F /* Build configuration list for PBXNativeTarget "StackOverflowUsers" */;
			buildPhases = (
				CA40A78E1AB47F9CE21213B4 /* [CP] Check Pods Manifest.lock */,
				2AD366B32341056C001B1D7F /* Sources */,
				2AD366B42341056C001B1D7F /* Frameworks */,
				2AD366B52341056C001B1D7F /* Resources */,
				9731578A484CC6E6C02031F6 /* [CP] Embed Pods Frameworks */,
			);
			buildRules = (
			);
			dependencies = (
			);
			name = StackOverflowUsers;
			productName = StackOverflowUsers;
			productReference = 2AD366B72341056C001B1D7F /* StackOverflowUsers.app */;
			productType = "com.apple.product-type.application";
		};
		2AD366CC2341056E001B1D7F /* StackOverflowUsersTests */ = {
			isa = PBXNativeTarget;
			buildConfigurationList = 2AD366D92341056E001B1D7F /* Build configuration list for PBXNativeTarget "StackOverflowUsersTests" */;
			buildPhases = (
				F334F047F927C29EB3B0514E /* [CP] Check Pods Manifest.lock */,
				2AD366C92341056E001B1D7F /* Sources */,
				2AD366CA2341056E001B1D7F /* Frameworks */,
				2AD366CB2341056E001B1D7F /* Resources */,
				87FF93B8E6D45A95D5FC8DEE /* [CP] Embed Pods Frameworks */,
			);
			buildRules = (
			);
			dependencies = (
				2AD366CF2341056E001B1D7F /* PBXTargetDependency */,
			);
			name = StackOverflowUsersTests;
			productName = StackOverflowUsersTests;
			productReference = 2AD366CD2341056E001B1D7F /* StackOverflowUsersTests.xctest */;
			productType = "com.apple.product-type.bundle.unit-test";
		};
/* End PBXNativeTarget section */

/* Begin PBXProject section */
		2AD366AF2341056C001B1D7F /* Project object */ = {
			isa = PBXProject;
			attributes = {
				LastSwiftUpdateCheck = 1110;
				LastUpgradeCheck = 1110;
				ORGANIZATIONNAME = "Alessandro Manni";
				TargetAttributes = {
					2AD366B62341056C001B1D7F = {
						CreatedOnToolsVersion = 11.1;
					};
					2AD366CC2341056E001B1D7F = {
						CreatedOnToolsVersion = 11.1;
						TestTargetID = 2AD366B62341056C001B1D7F;
					};
				};
			};
			buildConfigurationList = 2AD366B22341056C001B1D7F /* Build configuration list for PBXProject "StackOverflowUsers" */;
			compatibilityVersion = "Xcode 9.3";
			developmentRegion = en;
			hasScannedForEncodings = 0;
			knownRegions = (
				en,
				Base,
			);
			mainGroup = 2AD366AE2341056C001B1D7F;
			productRefGroup = 2AD366B82341056C001B1D7F /* Products */;
			projectDirPath = "";
			projectRoot = "";
			targets = (
				2AD366B62341056C001B1D7F /* StackOverflowUsers */,
				2AD366CC2341056E001B1D7F /* StackOverflowUsersTests */,
			);
		};
/* End PBXProject section */

/* Begin PBXResourcesBuildPhase section */
		2AD366B52341056C001B1D7F /* Resources */ = {
			isa = PBXResourcesBuildPhase;
			buildActionMask = 2147483647;
			files = (
				2AFA363F23421BAF00FD2D4A /* UserCell.xib in Resources */,
				2AD366C72341056D001B1D7F /* LaunchScreen.storyboard in Resources */,
				2AD366C42341056D001B1D7F /* Preview Assets.xcassets in Resources */,
				2AD366C12341056D001B1D7F /* Assets.xcassets in Resources */,
			);
			runOnlyForDeploymentPostprocessing = 0;
		};
		2AD366CB2341056E001B1D7F /* Resources */ = {
			isa = PBXResourcesBuildPhase;
			buildActionMask = 2147483647;
			files = (
				2AD3670623416F1D001B1D7F /* users_list.json in Resources */,
			);
			runOnlyForDeploymentPostprocessing = 0;
		};
/* End PBXResourcesBuildPhase section */

/* Begin PBXShellScriptBuildPhase section */
		87FF93B8E6D45A95D5FC8DEE /* [CP] Embed Pods Frameworks */ = {
			isa = PBXShellScriptBuildPhase;
			buildActionMask = 2147483647;
			files = (
			);
			inputFileListPaths = (
				"${PODS_ROOT}/Target Support Files/Pods-StackOverflowUsersTests/Pods-StackOverflowUsersTests-frameworks-${CONFIGURATION}-input-files.xcfilelist",
			);
			name = "[CP] Embed Pods Frameworks";
			outputFileListPaths = (
				"${PODS_ROOT}/Target Support Files/Pods-StackOverflowUsersTests/Pods-StackOverflowUsersTests-frameworks-${CONFIGURATION}-output-files.xcfilelist",
			);
			runOnlyForDeploymentPostprocessing = 0;
			shellPath = /bin/sh;
			shellScript = "\"${PODS_ROOT}/Target Support Files/Pods-StackOverflowUsersTests/Pods-StackOverflowUsersTests-frameworks.sh\"\n";
			showEnvVarsInLog = 0;
		};
		9731578A484CC6E6C02031F6 /* [CP] Embed Pods Frameworks */ = {
			isa = PBXShellScriptBuildPhase;
			buildActionMask = 2147483647;
			files = (
			);
			inputFileListPaths = (
				"${PODS_ROOT}/Target Support Files/Pods-StackOverflowUsers/Pods-StackOverflowUsers-frameworks-${CONFIGURATION}-input-files.xcfilelist",
			);
			name = "[CP] Embed Pods Frameworks";
			outputFileListPaths = (
				"${PODS_ROOT}/Target Support Files/Pods-StackOverflowUsers/Pods-StackOverflowUsers-frameworks-${CONFIGURATION}-output-files.xcfilelist",
			);
			runOnlyForDeploymentPostprocessing = 0;
			shellPath = /bin/sh;
			shellScript = "\"${PODS_ROOT}/Target Support Files/Pods-StackOverflowUsers/Pods-StackOverflowUsers-frameworks.sh\"\n";
			showEnvVarsInLog = 0;
		};
		CA40A78E1AB47F9CE21213B4 /* [CP] Check Pods Manifest.lock */ = {
			isa = PBXShellScriptBuildPhase;
			buildActionMask = 2147483647;
			files = (
			);
			inputFileListPaths = (
			);
			inputPaths = (
				"${PODS_PODFILE_DIR_PATH}/Podfile.lock",
				"${PODS_ROOT}/Manifest.lock",
			);
			name = "[CP] Check Pods Manifest.lock";
			outputFileListPaths = (
			);
			outputPaths = (
				"$(DERIVED_FILE_DIR)/Pods-StackOverflowUsers-checkManifestLockResult.txt",
			);
			runOnlyForDeploymentPostprocessing = 0;
			shellPath = /bin/sh;
			shellScript = "diff \"${PODS_PODFILE_DIR_PATH}/Podfile.lock\" \"${PODS_ROOT}/Manifest.lock\" > /dev/null\nif [ $? != 0 ] ; then\n    # print error to STDERR\n    echo \"error: The sandbox is not in sync with the Podfile.lock. Run 'pod install' or update your CocoaPods installation.\" >&2\n    exit 1\nfi\n# This output is used by Xcode 'outputs' to avoid re-running this script phase.\necho \"SUCCESS\" > \"${SCRIPT_OUTPUT_FILE_0}\"\n";
			showEnvVarsInLog = 0;
		};
		F334F047F927C29EB3B0514E /* [CP] Check Pods Manifest.lock */ = {
			isa = PBXShellScriptBuildPhase;
			buildActionMask = 2147483647;
			files = (
			);
			inputFileListPaths = (
			);
			inputPaths = (
				"${PODS_PODFILE_DIR_PATH}/Podfile.lock",
				"${PODS_ROOT}/Manifest.lock",
			);
			name = "[CP] Check Pods Manifest.lock";
			outputFileListPaths = (
			);
			outputPaths = (
				"$(DERIVED_FILE_DIR)/Pods-StackOverflowUsersTests-checkManifestLockResult.txt",
			);
			runOnlyForDeploymentPostprocessing = 0;
			shellPath = /bin/sh;
			shellScript = "diff \"${PODS_PODFILE_DIR_PATH}/Podfile.lock\" \"${PODS_ROOT}/Manifest.lock\" > /dev/null\nif [ $? != 0 ] ; then\n    # print error to STDERR\n    echo \"error: The sandbox is not in sync with the Podfile.lock. Run 'pod install' or update your CocoaPods installation.\" >&2\n    exit 1\nfi\n# This output is used by Xcode 'outputs' to avoid re-running this script phase.\necho \"SUCCESS\" > \"${SCRIPT_OUTPUT_FILE_0}\"\n";
			showEnvVarsInLog = 0;
		};
/* End PBXShellScriptBuildPhase section */

/* Begin PBXSourcesBuildPhase section */
		2AD366B32341056C001B1D7F /* Sources */ = {
			isa = PBXSourcesBuildPhase;
			buildActionMask = 2147483647;
			files = (
				2AFA36432342244A00FD2D4A /* UserCellViewModel.swift in Sources */,
				2AFA36452342505100FD2D4A /* UsersListViewModel.swift in Sources */,
				2AD366E823411CE1001B1D7F /* User.swift in Sources */,
				2AD366ED23411E60001B1D7F /* FollowedUsersDatabase.swift in Sources */,
				2AD366DE23411465001B1D7F /* AppCoordinator.swift in Sources */,
				2AD366E523411A94001B1D7F /* UserReporitoryProtocol.swift in Sources */,
				2AFA369D234286B500FD2D4A /* SceneDelegate.swift in Sources */,
				2AD366E3234118DD001B1D7F /* AppRepositories.swift in Sources */,
				2AD366F7234139BF001B1D7F /* ViewControllersFactory.swift in Sources */,
				2AD366F523413966001B1D7F /* MainFlowCoordinator.swift in Sources */,
				2AFA363A23420F0600FD2D4A /* UsersListPresenter.swift in Sources */,
				2AD366FB23414105001B1D7F /* UsersListNetworkModel.swift in Sources */,
				2AFA363423420AE600FD2D4A /* UsersListProtocols.swift in Sources */,
				2AD366E023411721001B1D7F /* AppearanceService.swift in Sources */,
				2AD366BB2341056C001B1D7F /* AppDelegate.swift in Sources */,
				2AD366EB23411E2C001B1D7F /* UsersAPI.swift in Sources */,
				2AD366F223413580001B1D7F /* UsersRepository.swift in Sources */,
				2AFA3649234258D700FD2D4A /* UsersListViewController.swift in Sources */,
				2AFA36412342217F00FD2D4A /* UserCell.swift in Sources */,
				2AFA363823420DC900FD2D4A /* UsersListInteractor.swift in Sources */,
				2AD366EF23411E6F001B1D7F /* BlockedUsersDatabase.swift in Sources */,
			);
			runOnlyForDeploymentPostprocessing = 0;
		};
		2AD366C92341056E001B1D7F /* Sources */ = {
			isa = PBXSourcesBuildPhase;
			buildActionMask = 2147483647;
			files = (
				2AD366F923413EF7001B1D7F /* BlockedUsersDatabaseTests.swift in Sources */,
				2AD366D22341056E001B1D7F /* FollowedUsersDatabaseTests.swift in Sources */,
				2AFA36312341FDD000FD2D4A /* UserDomainModelTest.swift in Sources */,
				2AD366FD23416BD1001B1D7F /* MockUsersAPI.swift in Sources */,
				2AD3670B23417B8A001B1D7F /* UserNetworkModelTest.swift in Sources */,
				2AA0632C2343B24200A3EEDB /* UserCellViewModelTests.swift in Sources */,
				2AA063292343B0ED00A3EEDB /* MockUser.swift in Sources */,
				2AA0632E2343B6CA00A3EEDB /* UsersListViewModelTests.swift in Sources */,
				2AFA362F2341F4FD00FD2D4A /* UsersRepositoryTests.swift in Sources */,
			);
			runOnlyForDeploymentPostprocessing = 0;
		};
/* End PBXSourcesBuildPhase section */

/* Begin PBXTargetDependency section */
		2AD366CF2341056E001B1D7F /* PBXTargetDependency */ = {
			isa = PBXTargetDependency;
			target = 2AD366B62341056C001B1D7F /* StackOverflowUsers */;
			targetProxy = 2AD366CE2341056E001B1D7F /* PBXContainerItemProxy */;
		};
/* End PBXTargetDependency section */

/* Begin PBXVariantGroup section */
		2AD366C52341056D001B1D7F /* LaunchScreen.storyboard */ = {
			isa = PBXVariantGroup;
			children = (
				2AD366C62341056D001B1D7F /* Base */,
			);
			name = LaunchScreen.storyboard;
			sourceTree = "<group>";
		};
/* End PBXVariantGroup section */

/* Begin XCBuildConfiguration section */
		2AD366D42341056E001B1D7F /* Debug */ = {
			isa = XCBuildConfiguration;
			buildSettings = {
				ALWAYS_EMBED_SWIFT_STANDARD_LIBRARIES = "$(inherited)";
				ALWAYS_SEARCH_USER_PATHS = NO;
				CLANG_ANALYZER_NONNULL = YES;
				CLANG_ANALYZER_NUMBER_OBJECT_CONVERSION = YES_AGGRESSIVE;
				CLANG_CXX_LANGUAGE_STANDARD = "gnu++14";
				CLANG_CXX_LIBRARY = "libc++";
				CLANG_ENABLE_MODULES = YES;
				CLANG_ENABLE_OBJC_ARC = YES;
				CLANG_ENABLE_OBJC_WEAK = YES;
				CLANG_WARN_BLOCK_CAPTURE_AUTORELEASING = YES;
				CLANG_WARN_BOOL_CONVERSION = YES;
				CLANG_WARN_COMMA = YES;
				CLANG_WARN_CONSTANT_CONVERSION = YES;
				CLANG_WARN_DEPRECATED_OBJC_IMPLEMENTATIONS = YES;
				CLANG_WARN_DIRECT_OBJC_ISA_USAGE = YES_ERROR;
				CLANG_WARN_DOCUMENTATION_COMMENTS = YES;
				CLANG_WARN_EMPTY_BODY = YES;
				CLANG_WARN_ENUM_CONVERSION = YES;
				CLANG_WARN_INFINITE_RECURSION = YES;
				CLANG_WARN_INT_CONVERSION = YES;
				CLANG_WARN_NON_LITERAL_NULL_CONVERSION = YES;
				CLANG_WARN_OBJC_IMPLICIT_RETAIN_SELF = YES;
				CLANG_WARN_OBJC_LITERAL_CONVERSION = YES;
				CLANG_WARN_OBJC_ROOT_CLASS = YES_ERROR;
				CLANG_WARN_RANGE_LOOP_ANALYSIS = YES;
				CLANG_WARN_STRICT_PROTOTYPES = YES;
				CLANG_WARN_SUSPICIOUS_MOVE = YES;
				CLANG_WARN_UNGUARDED_AVAILABILITY = YES_AGGRESSIVE;
				CLANG_WARN_UNREACHABLE_CODE = YES;
				CLANG_WARN__DUPLICATE_METHOD_MATCH = YES;
				COPY_PHASE_STRIP = NO;
				DEBUG_INFORMATION_FORMAT = dwarf;
				ENABLE_STRICT_OBJC_MSGSEND = YES;
				ENABLE_TESTABILITY = YES;
				GCC_C_LANGUAGE_STANDARD = gnu11;
				GCC_DYNAMIC_NO_PIC = NO;
				GCC_NO_COMMON_BLOCKS = YES;
				GCC_OPTIMIZATION_LEVEL = 0;
				GCC_PREPROCESSOR_DEFINITIONS = (
					"DEBUG=1",
					"$(inherited)",
				);
				GCC_WARN_64_TO_32_BIT_CONVERSION = YES;
				GCC_WARN_ABOUT_RETURN_TYPE = YES_ERROR;
				GCC_WARN_UNDECLARED_SELECTOR = YES;
				GCC_WARN_UNINITIALIZED_AUTOS = YES_AGGRESSIVE;
				GCC_WARN_UNUSED_FUNCTION = YES;
				GCC_WARN_UNUSED_VARIABLE = YES;
				IPHONEOS_DEPLOYMENT_TARGET = 13.1;
				MTL_ENABLE_DEBUG_INFO = INCLUDE_SOURCE;
				MTL_FAST_MATH = YES;
				ONLY_ACTIVE_ARCH = YES;
				SDKROOT = iphoneos;
				SWIFT_ACTIVE_COMPILATION_CONDITIONS = DEBUG;
				SWIFT_OPTIMIZATION_LEVEL = "-Onone";
			};
			name = Debug;
		};
		2AD366D52341056E001B1D7F /* Release */ = {
			isa = XCBuildConfiguration;
			buildSettings = {
				ALWAYS_EMBED_SWIFT_STANDARD_LIBRARIES = "$(inherited)";
				ALWAYS_SEARCH_USER_PATHS = NO;
				CLANG_ANALYZER_NONNULL = YES;
				CLANG_ANALYZER_NUMBER_OBJECT_CONVERSION = YES_AGGRESSIVE;
				CLANG_CXX_LANGUAGE_STANDARD = "gnu++14";
				CLANG_CXX_LIBRARY = "libc++";
				CLANG_ENABLE_MODULES = YES;
				CLANG_ENABLE_OBJC_ARC = YES;
				CLANG_ENABLE_OBJC_WEAK = YES;
				CLANG_WARN_BLOCK_CAPTURE_AUTORELEASING = YES;
				CLANG_WARN_BOOL_CONVERSION = YES;
				CLANG_WARN_COMMA = YES;
				CLANG_WARN_CONSTANT_CONVERSION = YES;
				CLANG_WARN_DEPRECATED_OBJC_IMPLEMENTATIONS = YES;
				CLANG_WARN_DIRECT_OBJC_ISA_USAGE = YES_ERROR;
				CLANG_WARN_DOCUMENTATION_COMMENTS = YES;
				CLANG_WARN_EMPTY_BODY = YES;
				CLANG_WARN_ENUM_CONVERSION = YES;
				CLANG_WARN_INFINITE_RECURSION = YES;
				CLANG_WARN_INT_CONVERSION = YES;
				CLANG_WARN_NON_LITERAL_NULL_CONVERSION = YES;
				CLANG_WARN_OBJC_IMPLICIT_RETAIN_SELF = YES;
				CLANG_WARN_OBJC_LITERAL_CONVERSION = YES;
				CLANG_WARN_OBJC_ROOT_CLASS = YES_ERROR;
				CLANG_WARN_RANGE_LOOP_ANALYSIS = YES;
				CLANG_WARN_STRICT_PROTOTYPES = YES;
				CLANG_WARN_SUSPICIOUS_MOVE = YES;
				CLANG_WARN_UNGUARDED_AVAILABILITY = YES_AGGRESSIVE;
				CLANG_WARN_UNREACHABLE_CODE = YES;
				CLANG_WARN__DUPLICATE_METHOD_MATCH = YES;
				COPY_PHASE_STRIP = NO;
				DEBUG_INFORMATION_FORMAT = "dwarf-with-dsym";
				ENABLE_NS_ASSERTIONS = NO;
				ENABLE_STRICT_OBJC_MSGSEND = YES;
				GCC_C_LANGUAGE_STANDARD = gnu11;
				GCC_NO_COMMON_BLOCKS = YES;
				GCC_WARN_64_TO_32_BIT_CONVERSION = YES;
				GCC_WARN_ABOUT_RETURN_TYPE = YES_ERROR;
				GCC_WARN_UNDECLARED_SELECTOR = YES;
				GCC_WARN_UNINITIALIZED_AUTOS = YES_AGGRESSIVE;
				GCC_WARN_UNUSED_FUNCTION = YES;
				GCC_WARN_UNUSED_VARIABLE = YES;
				IPHONEOS_DEPLOYMENT_TARGET = 13.1;
				MTL_ENABLE_DEBUG_INFO = NO;
				MTL_FAST_MATH = YES;
				SDKROOT = iphoneos;
				SWIFT_COMPILATION_MODE = wholemodule;
				SWIFT_OPTIMIZATION_LEVEL = "-O";
				VALIDATE_PRODUCT = YES;
			};
			name = Release;
		};
		2AD366D72341056E001B1D7F /* Debug */ = {
			isa = XCBuildConfiguration;
			baseConfigurationReference = EA86F175361D00B96C94846B /* Pods-StackOverflowUsers.debug.xcconfig */;
			buildSettings = {
				ALWAYS_EMBED_SWIFT_STANDARD_LIBRARIES = "$(inherited)";
				ASSETCATALOG_COMPILER_APPICON_NAME = AppIcon;
				CODE_SIGN_STYLE = Automatic;
				DEVELOPMENT_ASSET_PATHS = "\"StackOverflowUsers/Preview Content\"";
				DEVELOPMENT_TEAM = DY95X747ZU;
				ENABLE_PREVIEWS = YES;
				INFOPLIST_FILE = StackOverflowUsers/Info.plist;
				LD_RUNPATH_SEARCH_PATHS = (
					"$(inherited)",
					"@executable_path/Frameworks",
				);
				PRODUCT_BUNDLE_IDENTIFIER = alessandromanni.StackOverflowUsers;
				PRODUCT_NAME = "$(TARGET_NAME)";
				SWIFT_VERSION = 5.0;
				TARGETED_DEVICE_FAMILY = "1,2";
			};
			name = Debug;
		};
		2AD366D82341056E001B1D7F /* Release */ = {
			isa = XCBuildConfiguration;
			baseConfigurationReference = F7F1AF336BA89D01ACF38F99 /* Pods-StackOverflowUsers.release.xcconfig */;
			buildSettings = {
				ALWAYS_EMBED_SWIFT_STANDARD_LIBRARIES = "$(inherited)";
				ASSETCATALOG_COMPILER_APPICON_NAME = AppIcon;
				CODE_SIGN_STYLE = Automatic;
				DEVELOPMENT_ASSET_PATHS = "\"StackOverflowUsers/Preview Content\"";
				DEVELOPMENT_TEAM = DY95X747ZU;
				ENABLE_PREVIEWS = YES;
				INFOPLIST_FILE = StackOverflowUsers/Info.plist;
				LD_RUNPATH_SEARCH_PATHS = (
					"$(inherited)",
					"@executable_path/Frameworks",
				);
				PRODUCT_BUNDLE_IDENTIFIER = alessandromanni.StackOverflowUsers;
				PRODUCT_NAME = "$(TARGET_NAME)";
				SWIFT_VERSION = 5.0;
				TARGETED_DEVICE_FAMILY = "1,2";
			};
			name = Release;
		};
		2AD366DA2341056E001B1D7F /* Debug */ = {
			isa = XCBuildConfiguration;
			baseConfigurationReference = 0B86BC48C21185D060F10530 /* Pods-StackOverflowUsersTests.debug.xcconfig */;
			buildSettings = {
				ALWAYS_EMBED_SWIFT_STANDARD_LIBRARIES = "$(inherited)";
				BUNDLE_LOADER = "$(TEST_HOST)";
				CODE_SIGN_STYLE = Automatic;
				DEVELOPMENT_TEAM = DY95X747ZU;
				INFOPLIST_FILE = StackOverflowUsersTests/Info.plist;
				IPHONEOS_DEPLOYMENT_TARGET = 13.1;
				LD_RUNPATH_SEARCH_PATHS = (
					"$(inherited)",
					"@executable_path/Frameworks",
					"@loader_path/Frameworks",
				);
				PRODUCT_BUNDLE_IDENTIFIER = alessandromanni.StackOverflowUsersTests;
				PRODUCT_NAME = "$(TARGET_NAME)";
				SWIFT_VERSION = 5.0;
				TARGETED_DEVICE_FAMILY = "1,2";
				TEST_HOST = "$(BUILT_PRODUCTS_DIR)/StackOverflowUsers.app/StackOverflowUsers";
			};
			name = Debug;
		};
		2AD366DB2341056E001B1D7F /* Release */ = {
			isa = XCBuildConfiguration;
			baseConfigurationReference = E1A57B5ECA4997E2D46D233A /* Pods-StackOverflowUsersTests.release.xcconfig */;
			buildSettings = {
				ALWAYS_EMBED_SWIFT_STANDARD_LIBRARIES = "$(inherited)";
				BUNDLE_LOADER = "$(TEST_HOST)";
				CODE_SIGN_STYLE = Automatic;
				DEVELOPMENT_TEAM = DY95X747ZU;
				INFOPLIST_FILE = StackOverflowUsersTests/Info.plist;
				IPHONEOS_DEPLOYMENT_TARGET = 13.1;
				LD_RUNPATH_SEARCH_PATHS = (
					"$(inherited)",
					"@executable_path/Frameworks",
					"@loader_path/Frameworks",
				);
				PRODUCT_BUNDLE_IDENTIFIER = alessandromanni.StackOverflowUsersTests;
				PRODUCT_NAME = "$(TARGET_NAME)";
				SWIFT_VERSION = 5.0;
				TARGETED_DEVICE_FAMILY = "1,2";
				TEST_HOST = "$(BUILT_PRODUCTS_DIR)/StackOverflowUsers.app/StackOverflowUsers";
			};
			name = Release;
		};
/* End XCBuildConfiguration section */

/* Begin XCConfigurationList section */
		2AD366B22341056C001B1D7F /* Build configuration list for PBXProject "StackOverflowUsers" */ = {
			isa = XCConfigurationList;
			buildConfigurations = (
				2AD366D42341056E001B1D7F /* Debug */,
				2AD366D52341056E001B1D7F /* Release */,
			);
			defaultConfigurationIsVisible = 0;
			defaultConfigurationName = Release;
		};
		2AD366D62341056E001B1D7F /* Build configuration list for PBXNativeTarget "StackOverflowUsers" */ = {
			isa = XCConfigurationList;
			buildConfigurations = (
				2AD366D72341056E001B1D7F /* Debug */,
				2AD366D82341056E001B1D7F /* Release */,
			);
			defaultConfigurationIsVisible = 0;
			defaultConfigurationName = Release;
		};
		2AD366D92341056E001B1D7F /* Build configuration list for PBXNativeTarget "StackOverflowUsersTests" */ = {
			isa = XCConfigurationList;
			buildConfigurations = (
				2AD366DA2341056E001B1D7F /* Debug */,
				2AD366DB2341056E001B1D7F /* Release */,
			);
			defaultConfigurationIsVisible = 0;
			defaultConfigurationName = Release;
		};
/* End XCConfigurationList section */
	};
	rootObject = 2AD366AF2341056C001B1D7F /* Project object */;
}
